lockfileVersion: '6.0'

settings:
  autoInstallPeers: true
  excludeLinksFromLockfile: false

devDependencies:
  lil-gui:
    specifier: ^0.18.2
    version: 0.18.2

packages:

  /lil-gui@0.18.2:
    resolution: {integrity: sha512-DgdrLy3/KGC0PiQLKgOcJMPItP4xY4iWgJ9+91Zaxfr8GCTmMps05QS9w9jW7yspILlbscbquwjOwxmWnSx5Uw==}
    dev: true
